
Microsoft Visual Studio Solution File, Format Version 12.00
# Visual Studio Version 17
VisualStudioVersion = 17.14.36518.9 d17.14
MinimumVisualStudioVersion = 10.0.40219.1
Project("{888888A0-9F3D-457C-B088-3A5042F75D52}") = "HangmanGame_V2", "HangmanGame_V2.pyproj", "{B314FFEF-9A52-4011-A23B-953B379281D6}"
EndProject
Global
	GlobalSection(SolutionConfigurationPlatforms) = preSolution
		Debug|Any CPU = Debug|Any CPU
		Release|Any CPU = Release|Any CPU
	EndGlobalSection
	GlobalSection(ProjectConfigurationPlatforms) = postSolution
		{B314FFEF-9A52-4011-A23B-953B379281D6}.Debug|Any CPU.ActiveCfg = Debug|Any CPU
		{B314FFEF-9A52-4011-A23B-953B379281D6}.Release|Any CPU.ActiveCfg = Release|Any CPU
	EndGlobalSection
	GlobalSection(SolutionProperties) = preSolution
		HideSolutionNode = FALSE
	EndGlobalSection
	GlobalSection(ExtensibilityGlobals) = postSolution
		SolutionGuid = {8AFA9535-26BE-4313-87AF-815A005A6766}
	EndGlobalSection
EndGlobal
